
Microsoft Visual Studio Solution File, Format Version 12.00
# Visual Studio Version 17
VisualStudioVersion = 17.5.002.0
MinimumVisualStudioVersion = 10.0.40219.1
Project("{9A19103F-16F7-4668-BE54-9A1E7A4F7556}") = "CDG.Web", "CDG.Web.csproj", "{153D90FF-6867-455A-A148-925765B77498}"
EndProject
Global
	GlobalSection(SolutionConfigurationPlatforms) = preSolution
		Debug|Any CPU = Debug|Any CPU
		Release|Any CPU = Release|Any CPU
	EndGlobalSection
	GlobalSection(ProjectConfigurationPlatforms) = postSolution
		{153D90FF-6867-455A-A148-925765B77498}.Debug|Any CPU.ActiveCfg = Debug|Any CPU
		{153D90FF-6867-455A-A148-925765B77498}.Debug|Any CPU.Build.0 = Debug|Any CPU
		{153D90FF-6867-455A-A148-925765B77498}.Release|Any CPU.ActiveCfg = Release|Any CPU
		{153D90FF-6867-455A-A148-925765B77498}.Release|Any CPU.Build.0 = Release|Any CPU
	EndGlobalSection
	GlobalSection(SolutionProperties) = preSolution
		HideSolutionNode = FALSE
	EndGlobalSection
	GlobalSection(ExtensibilityGlobals) = postSolution
		SolutionGuid = {12C54409-CD20-404A-9453-70AD3E0C3480}
	EndGlobalSection
EndGlobal
